
Microsoft Visual Studio Solution File, Format Version 12.00
# Visual Studio Version 17
VisualStudioVersion = 17.4.33213.308
MinimumVisualStudioVersion = 10.0.40219.1
Project("{888888A0-9F3D-457C-B088-3A5042F75D52}") = "Exp3", "Exp3.pyproj", "{B95E4155-A8B1-4279-A056-2B7D140B1DB2}"
EndProject
Global
	GlobalSection(SolutionConfigurationPlatforms) = preSolution
		Debug|Any CPU = Debug|Any CPU
		Release|Any CPU = Release|Any CPU
	EndGlobalSection
	GlobalSection(ProjectConfigurationPlatforms) = postSolution
		{B95E4155-A8B1-4279-A056-2B7D140B1DB2}.Debug|Any CPU.ActiveCfg = Debug|Any CPU
		{B95E4155-A8B1-4279-A056-2B7D140B1DB2}.Release|Any CPU.ActiveCfg = Release|Any CPU
	EndGlobalSection
	GlobalSection(SolutionProperties) = preSolution
		HideSolutionNode = FALSE
	EndGlobalSection
	GlobalSection(ExtensibilityGlobals) = postSolution
		SolutionGuid = {CF4D59F3-217F-4D90-850C-6E8EA7165384}
	EndGlobalSection
EndGlobal
